
Microsoft Visual Studio Solution File, Format Version 12.00
# Visual Studio Version 16
VisualStudioVersion = 16.0.31321.278
MinimumVisualStudioVersion = 10.0.40219.1
Project("{8BC9CEB8-8B4A-11D0-8D11-00A0C91BC942}") = "新栈", "新栈.vcxproj", "{710E3D58-61FE-4845-A325-D2BABB608134}"
EndProject
Global
	GlobalSection(SolutionConfigurationPlatforms) = preSolution
		Debug|x64 = Debug|x64
		Debug|x86 = Debug|x86
		Release|x64 = Release|x64
		Release|x86 = Release|x86
	EndGlobalSection
	GlobalSection(ProjectConfigurationPlatforms) = postSolution
		{710E3D58-61FE-4845-A325-D2BABB608134}.Debug|x64.ActiveCfg = Debug|x64
		{710E3D58-61FE-4845-A325-D2BABB608134}.Debug|x64.Build.0 = Debug|x64
		{710E3D58-61FE-4845-A325-D2BABB608134}.Debug|x86.ActiveCfg = Debug|Win32
		{710E3D58-61FE-4845-A325-D2BABB608134}.Debug|x86.Build.0 = Debug|Win32
		{710E3D58-61FE-4845-A325-D2BABB608134}.Release|x64.ActiveCfg = Release|x64
		{710E3D58-61FE-4845-A325-D2BABB608134}.Release|x64.Build.0 = Release|x64
		{710E3D58-61FE-4845-A325-D2BABB608134}.Release|x86.ActiveCfg = Release|Win32
		{710E3D58-61FE-4845-A325-D2BABB608134}.Release|x86.Build.0 = Release|Win32
	EndGlobalSection
	GlobalSection(SolutionProperties) = preSolution
		HideSolutionNode = FALSE
	EndGlobalSection
	GlobalSection(ExtensibilityGlobals) = postSolution
		SolutionGuid = {A5D47F63-BBEC-402D-AC51-F2D1EA8925E0}
	EndGlobalSection
EndGlobal
